{
  "name": "plotgenerator",
  "version": "1.0.0",
  "lockfileVersion": 3,
  "requires": true,
  "packages": {
    "": {
      "name": "plotgenerator",
      "version": "1.0.0",
      "license": "SEE LICENSE IN LICENSE",
      "dependencies": {
        "@shopify/draggable": "^1.1.3",
        "animate.css": "^4.1.1",
        "bootstrap": "^5.3.0",
        "lit": "^2.7.5",
        "phoenix": "file:../deps/phoenix",
        "phoenix_html": "file:../deps/phoenix_html",
        "phoenix_live_view": "file:../deps/phoenix_live_view",
        "phoenix-custom-event-hook": "^0.0.6",
        "topbar": "^2.0.1",
        "vanilla-tilt": "^1.8.1"
      }
    },
    "../deps/phoenix": {
      "version": "1.7.10",
      "license": "MIT"
    },
    "../deps/phoenix_html": {
      "version": "3.3.3"
    },
    "../deps/phoenix_live_view": {
      "version": "0.20.1",
      "license": "MIT"
    },
    "node_modules/@lit-labs/ssr-dom-shim": {
      "version": "1.1.1",
      "resolved": "https://registry.npmjs.org/@lit-labs/ssr-dom-shim/-/ssr-dom-shim-1.1.1.tgz",
      "integrity": "sha512-kXOeFbfCm4fFf2A3WwVEeQj55tMZa8c8/f9AKHMobQMkzNUfUj+antR3fRPaZJawsa1aZiP/Da3ndpZrwEe4rQ=="
    },
    "node_modules/@lit/reactive-element": {
      "version": "1.6.2",
      "resolved": "https://registry.npmjs.org/@lit/reactive-element/-/reactive-element-1.6.2.tgz",
      "integrity": "sha512-rDfl+QnCYjuIGf5xI2sVJWdYIi56CTCwWa+nidKYX6oIuBYwUbT/vX4qbUDlHiZKJ/3FRNQ/tWJui44p6/stSA==",
      "dependencies": {
        "@lit-labs/ssr-dom-shim": "^1.0.0"
      }
    },
    "node_modules/@popperjs/core": {
      "version": "2.11.8",
      "resolved": "https://registry.npmjs.org/@popperjs/core/-/core-2.11.8.tgz",
      "integrity": "sha512-P1st0aksCrn9sGZhp8GMYwBnQsbvAWsZAX44oXNNvLHGqAOcoVxmjZiohstwQ7SqKnbR47akdNi+uleWD8+g6A==",
      "peer": true,
      "funding": {
        "type": "opencollective",
        "url": "https://opencollective.com/popperjs"
      }
    },
    "node_modules/@shopify/draggable": {
      "version": "1.1.3",
      "resolved": "https://registry.npmjs.org/@shopify/draggable/-/draggable-1.1.3.tgz",
      "integrity": "sha512-okZG6FTOX1HpfToN2uFVXTicum+NtHFGEY+0MFkZsdChP5qvLSlkffQormMxoDQVIDsK+jso3yz03tteIJ/A0w=="
    },
    "node_modules/@types/trusted-types": {
      "version": "2.0.3",
      "resolved": "https://registry.npmjs.org/@types/trusted-types/-/trusted-types-2.0.3.tgz",
      "integrity": "sha512-NfQ4gyz38SL8sDNrSixxU2Os1a5xcdFxipAFxYEuLUlvU2uDwS4NUpsImcf1//SlWItCVMMLiylsxbmNMToV/g=="
    },
    "node_modules/animate.css": {
      "version": "4.1.1",
      "resolved": "https://registry.npmjs.org/animate.css/-/animate.css-4.1.1.tgz",
      "integrity": "sha512-+mRmCTv6SbCmtYJCN4faJMNFVNN5EuCTTprDTAo7YzIGji2KADmakjVA3+8mVDkZ2Bf09vayB35lSQIex2+QaQ=="
    },
    "node_modules/bootstrap": {
      "version": "5.3.0",
      "resolved": "https://registry.npmjs.org/bootstrap/-/bootstrap-5.3.0.tgz",
      "integrity": "sha512-UnBV3E3v4STVNQdms6jSGO2CvOkjUMdDAVR2V5N4uCMdaIkaQjbcEAMqRimDHIs4uqBYzDAKCQwCB+97tJgHQw==",
      "funding": [
        {
          "type": "github",
          "url": "https://github.com/sponsors/twbs"
        },
        {
          "type": "opencollective",
          "url": "https://opencollective.com/bootstrap"
        }
      ],
      "peerDependencies": {
        "@popperjs/core": "^2.11.7"
      }
    },
    "node_modules/lit": {
      "version": "2.7.5",
      "resolved": "https://registry.npmjs.org/lit/-/lit-2.7.5.tgz",
      "integrity": "sha512-i/cH7Ye6nBDUASMnfwcictBnsTN91+aBjXoTHF2xARghXScKxpD4F4WYI+VLXg9lqbMinDfvoI7VnZXjyHgdfQ==",
      "dependencies": {
        "@lit/reactive-element": "^1.6.0",
        "lit-element": "^3.3.0",
        "lit-html": "^2.7.0"
      }
    },
    "node_modules/lit-element": {
      "version": "3.3.2",
      "resolved": "https://registry.npmjs.org/lit-element/-/lit-element-3.3.2.tgz",
      "integrity": "sha512-xXAeVWKGr4/njq0rGC9dethMnYCq5hpKYrgQZYTzawt9YQhMiXfD+T1RgrdY3NamOxwq2aXlb0vOI6e29CKgVQ==",
      "dependencies": {
        "@lit-labs/ssr-dom-shim": "^1.1.0",
        "@lit/reactive-element": "^1.3.0",
        "lit-html": "^2.7.0"
      }
    },
    "node_modules/lit-html": {
      "version": "2.7.4",
      "resolved": "https://registry.npmjs.org/lit-html/-/lit-html-2.7.4.tgz",
      "integrity": "sha512-/Jw+FBpeEN+z8X6PJva5n7+0MzCVAH2yypN99qHYYkq8bI+j7I39GH+68Z/MZD6rGKDK9RpzBw7CocfmHfq6+g==",
      "dependencies": {
        "@types/trusted-types": "^2.0.2"
      }
    },
    "node_modules/ms": {
      "version": "2.1.3",
      "resolved": "https://registry.npmjs.org/ms/-/ms-2.1.3.tgz",
      "integrity": "sha512-6FlzubTLZG3J2a/NVCAleEhjzq5oxgHyaCU9yYXvcLsvoVaHJq/s5xXI6/XXP6tz7R9xAOtHnSO/tXtF3WRTlA=="
    },
    "node_modules/phoenix": {
      "resolved": "../deps/phoenix",
      "link": true
    },
    "node_modules/phoenix_html": {
      "resolved": "../deps/phoenix_html",
      "link": true
    },
    "node_modules/phoenix_live_view": {
      "resolved": "../deps/phoenix_live_view",
      "link": true
    },
    "node_modules/phoenix-custom-event-hook": {
      "version": "0.0.6",
      "resolved": "https://registry.npmjs.org/phoenix-custom-event-hook/-/phoenix-custom-event-hook-0.0.6.tgz",
      "integrity": "sha512-6rPab4rL3UwhV1En4ACvwbyG7Y3o0/I2yJDpI6BgHdt8ie/LaMG+OL3MjYt67kGybWYGC/EhyXdUsZGng3dqtA==",
      "dependencies": {
        "ms": "^2.0.0"
      }
    },
    "node_modules/topbar": {
      "version": "2.0.1",
      "resolved": "https://registry.npmjs.org/topbar/-/topbar-2.0.1.tgz",
      "integrity": "sha512-4KvcxrJuGS3wkx8QacT7dfnkwyPJOuDzGUvHO/GDZqgoEEEFKTnZqCC6PYcvuZ0OfMNdyyKeAzVB2MPk0BIe8A=="
    },
    "node_modules/vanilla-tilt": {
      "version": "1.8.1",
      "resolved": "https://registry.npmjs.org/vanilla-tilt/-/vanilla-tilt-1.8.1.tgz",
      "integrity": "sha512-hPB1XUsnh+SIeVSW2beb5RnuFxz4ZNgxjGD78o52F49gS4xaoLeEMh9qrQnJrnEn/vjjBI7IlxrrXmz4tGV0Kw=="
    }
  }
}
